<?xml version="1.0" encoding="UTF-8" standalone="yes" ?>
<CodeBlocks_project_file>
	<FileVersion major="1" minor="6" />
	<Project>
		<Option title="windowed_tfhe" />
		<Option pch_mode="2" />
		<Option compiler="gcc" />
		<Build>
			<Target title="Release">
				<Option output="bin/Release/windowed_tfhe" prefix_auto="1" extension_auto="1" />
				<Option object_output="obj/Release/" />
				<Option type="1" />
				<Option compiler="gcc" />
				<Compiler>
					<Add option="-O2" />
				</Compiler>
				<Linker>
					<Add option="-s" />
				</Linker>
			</Target>
		</Build>
		<Compiler>
			<Add option="-Wall" />
		</Compiler>
		<Unit filename="src/include/lagrangehalfc_arithmetic.h" />
		<Unit filename="src/include/lwe-functions.h" />
		<Unit filename="src/include/lwebootstrappingkey.h" />
		<Unit filename="src/include/lwekey.h" />
		<Unit filename="src/include/lwekeyswitch.h" />
		<Unit filename="src/include/lweparams.h" />
		<Unit filename="src/include/lwesamples.h" />
		<Unit filename="src/include/numeric_functions.h" />
		<Unit filename="src/include/polynomials.h" />
		<Unit filename="src/include/polynomials_arithmetic.h" />
		<Unit filename="src/include/tfhe.h" />
		<Unit filename="src/include/tfhe_core.h" />
		<Unit filename="src/include/tfhe_garbage_collector.h" />
		<Unit filename="src/include/tfhe_gate_bootstrapping_functions.h" />
		<Unit filename="src/include/tfhe_gate_bootstrapping_structures.h" />
		<Unit filename="src/include/tfhe_generic_streams.h" />
		<Unit filename="src/include/tfhe_generic_templates.h" />
		<Unit filename="src/include/tfhe_io.h" />
		<Unit filename="src/include/tgsw.h" />
		<Unit filename="src/include/tgsw_functions.h" />
		<Unit filename="src/include/tlwe.h" />
		<Unit filename="src/include/tlwe_functions.h" />
		<Unit filename="src/libtfhe/autogenerated.cpp" />
		<Unit filename="src/libtfhe/boot-gates.cpp" />
		<Unit filename="src/libtfhe/fft_processors/fftw/fft_processor_fftw.cpp" />
		<Unit filename="src/libtfhe/fft_processors/fftw/lagrangehalfc_impl.cpp" />
		<Unit filename="src/libtfhe/fft_processors/fftw/lagrangehalfc_impl.h" />
		<Unit filename="src/libtfhe/fft_processors/nayuki/fft-model-of-x8664-avx.c">
			<Option compilerVar="CC" />
		</Unit>
		<Unit filename="src/libtfhe/fft_processors/nayuki/fft-portable.c">
			<Option compilerVar="CC" />
		</Unit>
		<Unit filename="src/libtfhe/fft_processors/nayuki/fft-test.c">
			<Option compilerVar="CC" />
		</Unit>
		<Unit filename="src/libtfhe/fft_processors/nayuki/fft-x8664-avx-aux.c">
			<Option compilerVar="CC" />
		</Unit>
		<Unit filename="src/libtfhe/fft_processors/nayuki/fft-x8664-avx-reverse.s" />
		<Unit filename="src/libtfhe/fft_processors/nayuki/fft-x8664-avx.s" />
		<Unit filename="src/libtfhe/fft_processors/nayuki/fft.h" />
		<Unit filename="src/libtfhe/fft_processors/nayuki/fft_processor_nayuki.cpp" />
		<Unit filename="src/libtfhe/fft_processors/nayuki/lagrangehalfc_impl.cpp" />
		<Unit filename="src/libtfhe/fft_processors/nayuki/lagrangehalfc_impl.h" />
		<Unit filename="src/libtfhe/fft_processors/spqlios/fft_processor_spqlios.cpp" />
		<Unit filename="src/libtfhe/fft_processors/spqlios/lagrangehalfc_impl.cpp" />
		<Unit filename="src/libtfhe/fft_processors/spqlios/lagrangehalfc_impl.h" />
		<Unit filename="src/libtfhe/fft_processors/spqlios/lagrangehalfc_impl_avx.s" />
		<Unit filename="src/libtfhe/fft_processors/spqlios/lagrangehalfc_impl_fma.s" />
		<Unit filename="src/libtfhe/fft_processors/spqlios/spqlios-bench.cpp" />
		<Unit filename="src/libtfhe/fft_processors/spqlios/spqlios-fft-avx.s" />
		<Unit filename="src/libtfhe/fft_processors/spqlios/spqlios-fft-fma.s" />
		<Unit filename="src/libtfhe/fft_processors/spqlios/spqlios-fft-impl.cpp" />
		<Unit filename="src/libtfhe/fft_processors/spqlios/spqlios-fft-unaligned.s" />
		<Unit filename="src/libtfhe/fft_processors/spqlios/spqlios-fft.h" />
		<Unit filename="src/libtfhe/fft_processors/spqlios/spqlios-ifft-avx.s" />
		<Unit filename="src/libtfhe/fft_processors/spqlios/spqlios-ifft-fma.s" />
		<Unit filename="src/libtfhe/fft_processors/spqlios/spqlios-ifft-unaligned.s" />
		<Unit filename="src/libtfhe/fft_processors/spqlios/spqlios-model.cpp" />
		<Unit filename="src/libtfhe/lwe-bootstrapping-functions-fft.cpp" />
		<Unit filename="src/libtfhe/lwe-bootstrapping-functions.cpp" />
		<Unit filename="src/libtfhe/lwe-functions.cpp" />
		<Unit filename="src/libtfhe/lwe-keyswitch-functions.cpp" />
		<Unit filename="src/libtfhe/lwe.cpp" />
		<Unit filename="src/libtfhe/lwebootstrappingkey.cpp" />
		<Unit filename="src/libtfhe/lwekey.cpp" />
		<Unit filename="src/libtfhe/lwekeyswitch.cpp" />
		<Unit filename="src/libtfhe/lweparams.cpp" />
		<Unit filename="src/libtfhe/lwesamples.cpp" />
		<Unit filename="src/libtfhe/multiplication.cpp" />
		<Unit filename="src/libtfhe/numeric-functions.cpp" />
		<Unit filename="src/libtfhe/polynomials.cpp" />
		<Unit filename="src/libtfhe/tfhe_garbage_collector.cpp" />
		<Unit filename="src/libtfhe/tfhe_gate_bootstrapping.cpp" />
		<Unit filename="src/libtfhe/tfhe_gate_bootstrapping_structures.cpp" />
		<Unit filename="src/libtfhe/tfhe_generic_streams.cpp" />
		<Unit filename="src/libtfhe/tfhe_io.cpp" />
		<Unit filename="src/libtfhe/tgsw-fft-operations.cpp" />
		<Unit filename="src/libtfhe/tgsw-functions.cpp" />
		<Unit filename="src/libtfhe/tgsw.cpp" />
		<Unit filename="src/libtfhe/tlwe-fft-operations.cpp" />
		<Unit filename="src/libtfhe/tlwe-functions.cpp" />
		<Unit filename="src/libtfhe/tlwe.cpp" />
		<Unit filename="src/libtfhe/toruspolynomial-functions.cpp" />
		<Unit filename="src/test/arithmetic_test.cpp" />
		<Unit filename="src/test/boots_gates_test.cpp" />
		<Unit filename="src/test/bootstrapping_test.cpp" />
		<Unit filename="src/test/bootstrapping_test_fft.cpp" />
		<Unit filename="src/test/fakes/lagrangehalfc.h" />
		<Unit filename="src/test/fakes/lwe-bootstrapping-fft.h" />
		<Unit filename="src/test/fakes/lwe-bootstrapping.h" />
		<Unit filename="src/test/fakes/lwe-keyswitch.h" />
		<Unit filename="src/test/fakes/lwe.h" />
		<Unit filename="src/test/fakes/tgsw-fft.h" />
		<Unit filename="src/test/fakes/tgsw.h" />
		<Unit filename="src/test/fakes/tlwe-fft.h" />
		<Unit filename="src/test/fakes/tlwe.h" />
		<Unit filename="src/test/googletest/googlemock/include/gmock/gmock-actions.h" />
		<Unit filename="src/test/googletest/googlemock/include/gmock/gmock-cardinalities.h" />
		<Unit filename="src/test/googletest/googlemock/include/gmock/gmock-generated-actions.h" />
		<Unit filename="src/test/googletest/googlemock/include/gmock/gmock-generated-function-mockers.h" />
		<Unit filename="src/test/googletest/googlemock/include/gmock/gmock-generated-matchers.h" />
		<Unit filename="src/test/googletest/googlemock/include/gmock/gmock-generated-nice-strict.h" />
		<Unit filename="src/test/googletest/googlemock/include/gmock/gmock-matchers.h" />
		<Unit filename="src/test/googletest/googlemock/include/gmock/gmock-more-actions.h" />
		<Unit filename="src/test/googletest/googlemock/include/gmock/gmock-more-matchers.h" />
		<Unit filename="src/test/googletest/googlemock/include/gmock/gmock-spec-builders.h" />
		<Unit filename="src/test/googletest/googlemock/include/gmock/gmock.h" />
		<Unit filename="src/test/googletest/googlemock/include/gmock/internal/custom/gmock-generated-actions.h" />
		<Unit filename="src/test/googletest/googlemock/include/gmock/internal/custom/gmock-matchers.h" />
		<Unit filename="src/test/googletest/googlemock/include/gmock/internal/custom/gmock-port.h" />
		<Unit filename="src/test/googletest/googlemock/include/gmock/internal/gmock-generated-internal-utils.h" />
		<Unit filename="src/test/googletest/googlemock/include/gmock/internal/gmock-internal-utils.h" />
		<Unit filename="src/test/googletest/googlemock/include/gmock/internal/gmock-port.h" />
		<Unit filename="src/test/googletest/googlemock/test/gmock_link_test.h" />
		<Unit filename="src/test/googletest/googletest/include/gtest/gtest-death-test.h" />
		<Unit filename="src/test/googletest/googletest/include/gtest/gtest-message.h" />
		<Unit filename="src/test/googletest/googletest/include/gtest/gtest-param-test.h" />
		<Unit filename="src/test/googletest/googletest/include/gtest/gtest-printers.h" />
		<Unit filename="src/test/googletest/googletest/include/gtest/gtest-spi.h" />
		<Unit filename="src/test/googletest/googletest/include/gtest/gtest-test-part.h" />
		<Unit filename="src/test/googletest/googletest/include/gtest/gtest-typed-test.h" />
		<Unit filename="src/test/googletest/googletest/include/gtest/gtest.h" />
		<Unit filename="src/test/googletest/googletest/include/gtest/gtest_pred_impl.h" />
		<Unit filename="src/test/googletest/googletest/include/gtest/gtest_prod.h" />
		<Unit filename="src/test/googletest/googletest/include/gtest/internal/custom/gtest-port.h" />
		<Unit filename="src/test/googletest/googletest/include/gtest/internal/custom/gtest-printers.h" />
		<Unit filename="src/test/googletest/googletest/include/gtest/internal/custom/gtest.h" />
		<Unit filename="src/test/googletest/googletest/include/gtest/internal/gtest-death-test-internal.h" />
		<Unit filename="src/test/googletest/googletest/include/gtest/internal/gtest-filepath.h" />
		<Unit filename="src/test/googletest/googletest/include/gtest/internal/gtest-internal.h" />
		<Unit filename="src/test/googletest/googletest/include/gtest/internal/gtest-linked_ptr.h" />
		<Unit filename="src/test/googletest/googletest/include/gtest/internal/gtest-param-util-generated.h" />
		<Unit filename="src/test/googletest/googletest/include/gtest/internal/gtest-param-util.h" />
		<Unit filename="src/test/googletest/googletest/include/gtest/internal/gtest-port-arch.h" />
		<Unit filename="src/test/googletest/googletest/include/gtest/internal/gtest-port.h" />
		<Unit filename="src/test/googletest/googletest/include/gtest/internal/gtest-string.h" />
		<Unit filename="src/test/googletest/googletest/include/gtest/internal/gtest-tuple.h" />
		<Unit filename="src/test/googletest/googletest/include/gtest/internal/gtest-type-util.h" />
		<Unit filename="src/test/googletest/googletest/samples/prime_tables.h" />
		<Unit filename="src/test/googletest/googletest/samples/sample1.h" />
		<Unit filename="src/test/googletest/googletest/samples/sample2.h" />
		<Unit filename="src/test/googletest/googletest/samples/sample3-inl.h" />
		<Unit filename="src/test/googletest/googletest/samples/sample4.h" />
		<Unit filename="src/test/googletest/googletest/src/gtest-internal-inl.h" />
		<Unit filename="src/test/googletest/googletest/test/gtest-param-test_test.h" />
		<Unit filename="src/test/googletest/googletest/test/gtest-typed-test_test.h" />
		<Unit filename="src/test/googletest/googletest/test/production.h" />
		<Unit filename="src/test/googletest/googletest/xcode/Samples/FrameworkSample/widget.h" />
		<Unit filename="src/test/io_test.cpp" />
		<Unit filename="src/test/lagrangehalfc_test.cpp" />
		<Unit filename="src/test/lwe_test.cpp" />
		<Unit filename="src/test/lwekeyswitch_test.cpp" />
		<Unit filename="src/test/nn.cpp" />
		<Unit filename="src/test/nn_master.cpp" />
		<Unit filename="src/test/nn_read_differentOrder.cpp" />
		<Unit filename="src/test/polynomial_test.cpp" />
		<Unit filename="src/test/test-addition-boot.cpp" />
		<Unit filename="src/test/test-bootstrapping-fft.cpp" />
		<Unit filename="src/test/test-c-binding.c">
			<Option compilerVar="CC" />
		</Unit>
		<Unit filename="src/test/test-decomp-tgsw.cpp" />
		<Unit filename="src/test/test-gate-bootstrapping.cpp" />
		<Unit filename="src/test/test-long-run.cpp" />
		<Unit filename="src/test/test-lwe.cpp" />
		<Unit filename="src/test/test-multiplication.cpp" />
		<Unit filename="src/test/test-tlwe.cpp" />
		<Unit filename="src/test/tgsw_fft_test.cpp" />
		<Unit filename="src/test/tgsw_test.cpp" />
		<Unit filename="src/test/tlwe_fft_test.cpp" />
		<Unit filename="src/test/tlwe_test.cpp" />
		<Extensions>
			<code_completion />
			<debugger />
		</Extensions>
	</Project>
</CodeBlocks_project_file>
